
Microsoft Visual Studio Solution File, Format Version 12.00
# Visual Studio Version 17
VisualStudioVersion = 17.7.34221.43
MinimumVisualStudioVersion = 10.0.40219.1
Project("{FAE04EC0-301F-11D3-BF4B-00C04F79EFBC}") = "STUDENTSYSTEM", "STUDENTSYSTEM\STUDENTSYSTEM.csproj", "{2E7DFF2C-C609-4DB9-9BDF-7C34CB67DE8A}"
EndProject
Global
	GlobalSection(SolutionConfigurationPlatforms) = preSolution
		Debug|Any CPU = Debug|Any CPU
		Release|Any CPU = Release|Any CPU
	EndGlobalSection
	GlobalSection(ProjectConfigurationPlatforms) = postSolution
		{2E7DFF2C-C609-4DB9-9BDF-7C34CB67DE8A}.Debug|Any CPU.ActiveCfg = Debug|Any CPU
		{2E7DFF2C-C609-4DB9-9BDF-7C34CB67DE8A}.Debug|Any CPU.Build.0 = Debug|Any CPU
		{2E7DFF2C-C609-4DB9-9BDF-7C34CB67DE8A}.Release|Any CPU.ActiveCfg = Release|Any CPU
		{2E7DFF2C-C609-4DB9-9BDF-7C34CB67DE8A}.Release|Any CPU.Build.0 = Release|Any CPU
	EndGlobalSection
	GlobalSection(SolutionProperties) = preSolution
		HideSolutionNode = FALSE
	EndGlobalSection
	GlobalSection(ExtensibilityGlobals) = postSolution
		SolutionGuid = {B4965C92-30C4-4A13-91F4-FEE56B6A50C1}
	EndGlobalSection
EndGlobal
